
Microsoft Visual Studio Solution File, Format Version 12.00
# Visual Studio Version 17
VisualStudioVersion = 17.14.36212.18 d17.14
MinimumVisualStudioVersion = 10.0.40219.1
Project("{F184B08F-C81C-45F6-A57F-5ABD9991F28F}") = "WinFormsApp1", "WinFormsApp1\WinFormsApp1.vbproj", "{3D82B5DD-F55D-4B1D-AE17-03DE7CB47D5C}"
EndProject
Global
	GlobalSection(SolutionConfigurationPlatforms) = preSolution
		Debug|Any CPU = Debug|Any CPU
		Release|Any CPU = Release|Any CPU
	EndGlobalSection
	GlobalSection(ProjectConfigurationPlatforms) = postSolution
		{3D82B5DD-F55D-4B1D-AE17-03DE7CB47D5C}.Debug|Any CPU.ActiveCfg = Debug|Any CPU
		{3D82B5DD-F55D-4B1D-AE17-03DE7CB47D5C}.Debug|Any CPU.Build.0 = Debug|Any CPU
		{3D82B5DD-F55D-4B1D-AE17-03DE7CB47D5C}.Release|Any CPU.ActiveCfg = Release|Any CPU
		{3D82B5DD-F55D-4B1D-AE17-03DE7CB47D5C}.Release|Any CPU.Build.0 = Release|Any CPU
	EndGlobalSection
	GlobalSection(SolutionProperties) = preSolution
		HideSolutionNode = FALSE
	EndGlobalSection
	GlobalSection(ExtensibilityGlobals) = postSolution
		SolutionGuid = {0CD62201-8486-451C-BA05-7FB038F7957A}
	EndGlobalSection
EndGlobal
